
Microsoft Visual Studio Solution File, Format Version 12.00
# Visual Studio Version 17
VisualStudioVersion = 17.14.36221.1 d17.14
MinimumVisualStudioVersion = 10.0.40219.1
Project("{FAE04EC0-301F-11D3-BF4B-00C04F79EFBC}") = "TLCHelper", "TLCHelper\TLCHelper.csproj", "{AD2E983C-F259-492C-84B5-AA099355269D}"
EndProject
Global
	GlobalSection(SolutionConfigurationPlatforms) = preSolution
		Debug|Any CPU = Debug|Any CPU
		Release|Any CPU = Release|Any CPU
	EndGlobalSection
	GlobalSection(ProjectConfigurationPlatforms) = postSolution
		{AD2E983C-F259-492C-84B5-AA099355269D}.Debug|Any CPU.ActiveCfg = Debug|Any CPU
		{AD2E983C-F259-492C-84B5-AA099355269D}.Debug|Any CPU.Build.0 = Debug|Any CPU
		{AD2E983C-F259-492C-84B5-AA099355269D}.Release|Any CPU.ActiveCfg = Release|Any CPU
		{AD2E983C-F259-492C-84B5-AA099355269D}.Release|Any CPU.Build.0 = Release|Any CPU
	EndGlobalSection
	GlobalSection(SolutionProperties) = preSolution
		HideSolutionNode = FALSE
	EndGlobalSection
	GlobalSection(ExtensibilityGlobals) = postSolution
		SolutionGuid = {D870C5BD-B5C8-43DA-AE7E-46E84B29F308}
	EndGlobalSection
EndGlobal
